Microsoft Visual Studio Solution File, Format Version 12.00
# Visual Studio Version 17
VisualStudioVersion = 17.5.2.0
MinimumVisualStudioVersion = 10.0.40219.1
Project("{2150E333-8FDC-42A3-9474-1A3956D46DE8}") = "Utilities", "Utilities", "{DF572EAA-2BC4-7083-A1C9-E138B4BE775E}"
EndProject
Project("{FAE04EC0-301F-11D3-BF4B-00C04F79EFBC}") = "PdfFieldExtractor", "Utilities\PdfFieldExtractor\PdfFieldExtractor.csproj", "{2CF5A8B1-841F-5356-5CAB-E7B1378F2305}"
EndProject
Global
	GlobalSection(SolutionConfigurationPlatforms) = preSolution
		Debug|Any CPU = Debug|Any CPU
		Release|Any CPU = Release|Any CPU
	EndGlobalSection
	GlobalSection(ProjectConfigurationPlatforms) = postSolution
		{2CF5A8B1-841F-5356-5CAB-E7B1378F2305}.Debug|Any CPU.ActiveCfg = Debug|Any CPU
		{2CF5A8B1-841F-5356-5CAB-E7B1378F2305}.Debug|Any CPU.Build.0 = Debug|Any CPU
		{2CF5A8B1-841F-5356-5CAB-E7B1378F2305}.Release|Any CPU.ActiveCfg = Release|Any CPU
		{2CF5A8B1-841F-5356-5CAB-E7B1378F2305}.Release|Any CPU.Build.0 = Release|Any CPU
	EndGlobalSection
	GlobalSection(SolutionProperties) = preSolution
		HideSolutionNode = FALSE
	EndGlobalSection
	GlobalSection(NestedProjects) = preSolution
		{2CF5A8B1-841F-5356-5CAB-E7B1378F2305} = {DF572EAA-2BC4-7083-A1C9-E138B4BE775E}
	EndGlobalSection
	GlobalSection(ExtensibilityGlobals) = postSolution
		SolutionGuid = {DCEE7386-198D-42F7-9119-13391D7ECDFA}
	EndGlobalSection
EndGlobal
